
Microsoft Visual Studio Solution File, Format Version 12.00
# Visual Studio 15
VisualStudioVersion = 15.0.28307.779
MinimumVisualStudioVersion = 10.0.40219.1
Project("{FAE04EC0-301F-11D3-BF4B-00C04F79EFBC}") = "Capthca", "Capthca\Capthca.csproj", "{8E2A637B-8840-4DE8-8B69-622172BAD342}"
EndProject
Global
	GlobalSection(SolutionConfigurationPlatforms) = preSolution
		Debug|Any CPU = Debug|Any CPU
		Release|Any CPU = Release|Any CPU
	EndGlobalSection
	GlobalSection(ProjectConfigurationPlatforms) = postSolution
		{8E2A637B-8840-4DE8-8B69-622172BAD342}.Debug|Any CPU.ActiveCfg = Debug|Any CPU
		{8E2A637B-8840-4DE8-8B69-622172BAD342}.Debug|Any CPU.Build.0 = Debug|Any CPU
		{8E2A637B-8840-4DE8-8B69-622172BAD342}.Release|Any CPU.ActiveCfg = Release|Any CPU
		{8E2A637B-8840-4DE8-8B69-622172BAD342}.Release|Any CPU.Build.0 = Release|Any CPU
	EndGlobalSection
	GlobalSection(SolutionProperties) = preSolution
		HideSolutionNode = FALSE
	EndGlobalSection
	GlobalSection(ExtensibilityGlobals) = postSolution
		SolutionGuid = {DE6BE045-0C33-4890-9850-8F703C7F5686}
	EndGlobalSection
EndGlobal
